# THIS IS AN AUTOGENERATED FILE. DO NOT EDIT THIS FILE DIRECTLY.
# yarn lockfile v1


"@floating-ui/core@^1.7.3":
  version "1.7.3"
  resolved "https://registry.yarnpkg.com/@floating-ui/core/-/core-1.7.3.tgz#462d722f001e23e46d86fd2bd0d21b7693ccb8b7"
  integrity sha512-sGnvb5dmrJaKEZ+LDIpguvdX3bDlEllmv4/ClQ9awcmCZrlx5jQyyMWFM5kBI+EyNOCDDiKk8il0zeuX3Zlg/w==
  dependencies:
    "@floating-ui/utils" "^0.2.10"

"@floating-ui/dom@^1.7.4":
  version "1.7.4"
  resolved "https://registry.yarnpkg.com/@floating-ui/dom/-/dom-1.7.4.tgz#ee667549998745c9c3e3e84683b909c31d6c9a77"
  integrity sha512-OOchDgh4F2CchOX94cRVqhvy7b3AFb+/rQXyswmzmGakRfkMgoWVjfnLWkRirfLEfuD4ysVW16eXzwt3jHIzKA==
  dependencies:
    "@floating-ui/core" "^1.7.3"
    "@floating-ui/utils" "^0.2.10"

"@floating-ui/react-dom@^2.1.2":
  version "2.1.6"
  resolved "https://registry.yarnpkg.com/@floating-ui/react-dom/-/react-dom-2.1.6.tgz#189f681043c1400561f62972f461b93f01bf2231"
  integrity sha512-4JX6rEatQEvlmgU80wZyq9RT96HZJa88q8hp0pBd+LrczeDI4o6uA2M+uvxngVHo4Ihr8uibXxH6+70zhAFrVw==
  dependencies:
    "@floating-ui/dom" "^1.7.4"

"@floating-ui/react@^0.26.16":
  version "0.26.28"
  resolved "https://registry.yarnpkg.com/@floating-ui/react/-/react-0.26.28.tgz#93f44ebaeb02409312e9df9507e83aab4a8c0dc7"
  integrity sha512-yORQuuAtVpiRjpMhdc0wJj06b9JFjrYF4qp96j++v2NBpbi6SEGF7donUJ3TMieerQ6qVkAv1tgr7L4r5roTqw==
  dependencies:
    "@floating-ui/react-dom" "^2.1.2"
    "@floating-ui/utils" "^0.2.8"
    tabbable "^6.0.0"

"@floating-ui/utils@^0.2.10", "@floating-ui/utils@^0.2.8":
  version "0.2.10"
  resolved "https://registry.yarnpkg.com/@floating-ui/utils/-/utils-0.2.10.tgz#a2a1e3812d14525f725d011a73eceb41fef5bc1c"
  integrity sha512-aGTxbpbg8/b5JfU1HXSrbH3wXZuLPJcNEcZQFMxLs3oSzgtVu6nFPkbbGGUvBcUjKV2YyB9Wxxabo+HEH9tcRQ==

"@headlessui/react@^2.2.9":
  version "2.2.9"
  resolved "https://registry.yarnpkg.com/@headlessui/react/-/react-2.2.9.tgz#213f78534c86e03a7c986d2c2abe1270622b3e13"
  integrity sha512-Mb+Un58gwBn0/yWZfyrCh0TJyurtT+dETj7YHleylHk5od3dv2XqETPGWMyQ5/7sYN7oWdyM1u9MvC0OC8UmzQ==
  dependencies:
    "@floating-ui/react" "^0.26.16"
    "@react-aria/focus" "^3.20.2"
    "@react-aria/interactions" "^3.25.0"
    "@tanstack/react-virtual" "^3.13.9"
    use-sync-external-store "^1.5.0"

"@react-aria/focus@^3.20.2":
  version "3.21.3"
  resolved "https://registry.yarnpkg.com/@react-aria/focus/-/focus-3.21.3.tgz#bdcdfc45735c785de5ba54cc907e531926dcc4c5"
  integrity sha512-FsquWvjSCwC2/sBk4b+OqJyONETUIXQ2vM0YdPAuC+QFQh2DT6TIBo6dOZVSezlhudDla69xFBd6JvCFq1AbUw==
  dependencies:
    "@react-aria/interactions" "^3.26.0"
    "@react-aria/utils" "^3.32.0"
    "@react-types/shared" "^3.32.1"
    "@swc/helpers" "^0.5.0"
    clsx "^2.0.0"

"@react-aria/interactions@^3.25.0", "@react-aria/interactions@^3.26.0":
  version "3.26.0"
  resolved "https://registry.yarnpkg.com/@react-aria/interactions/-/interactions-3.26.0.tgz#5c0538499fe2a8e02f15e37787ffba27996076b4"
  integrity sha512-AAEcHiltjfbmP1i9iaVw34Mb7kbkiHpYdqieWufldh4aplWgsF11YQZOfaCJW4QoR2ML4Zzoa9nfFwLXA52R7Q==
  dependencies:
    "@react-aria/ssr" "^3.9.10"
    "@react-aria/utils" "^3.32.0"
    "@react-stately/flags" "^3.1.2"
    "@react-types/shared" "^3.32.1"
    "@swc/helpers" "^0.5.0"

"@react-aria/ssr@^3.9.10":
  version "3.9.10"
  resolved "https://registry.yarnpkg.com/@react-aria/ssr/-/ssr-3.9.10.tgz#7fdc09e811944ce0df1d7e713de1449abd7435e6"
  integrity sha512-hvTm77Pf+pMBhuBm760Li0BVIO38jv1IBws1xFm1NoL26PU+fe+FMW5+VZWyANR6nYL65joaJKZqOdTQMkO9IQ==
  dependencies:
    "@swc/helpers" "^0.5.0"

"@react-aria/utils@^3.32.0":
  version "3.32.0"
  resolved "https://registry.yarnpkg.com/@react-aria/utils/-/utils-3.32.0.tgz#ebc2d715dd3814145f0e7c722797fdb20e308e7f"
  integrity sha512-/7Rud06+HVBIlTwmwmJa2W8xVtgxgzm0+kLbuFooZRzKDON6hhozS1dOMR/YLMxyJOaYOTpImcP4vRR9gL1hEg==
  dependencies:
    "@react-aria/ssr" "^3.9.10"
    "@react-stately/flags" "^3.1.2"
    "@react-stately/utils" "^3.11.0"
    "@react-types/shared" "^3.32.1"
    "@swc/helpers" "^0.5.0"
    clsx "^2.0.0"

"@react-stately/flags@^3.1.2":
  version "3.1.2"
  resolved "https://registry.yarnpkg.com/@react-stately/flags/-/flags-3.1.2.tgz#5c8e5ae416d37d37e2e583d2fcb3a046293504f2"
  integrity sha512-2HjFcZx1MyQXoPqcBGALwWWmgFVUk2TuKVIQxCbRq7fPyWXIl6VHcakCLurdtYC2Iks7zizvz0Idv48MQ38DWg==
  dependencies:
    "@swc/helpers" "^0.5.0"

"@react-stately/utils@^3.11.0":
  version "3.11.0"
  resolved "https://registry.yarnpkg.com/@react-stately/utils/-/utils-3.11.0.tgz#95a05d9633f4614ca89f630622566e7e5709d79e"
  integrity sha512-8LZpYowJ9eZmmYLpudbo/eclIRnbhWIJZ994ncmlKlouNzKohtM8qTC6B1w1pwUbiwGdUoyzLuQbeaIor5Dvcw==
  dependencies:
    "@swc/helpers" "^0.5.0"

"@react-types/shared@^3.32.1":
  version "3.32.1"
  resolved "https://registry.yarnpkg.com/@react-types/shared/-/shared-3.32.1.tgz#abfeb839d65d0abe923576f34ac08342c25dfa55"
  integrity sha512-famxyD5emrGGpFuUlgOP6fVW2h/ZaF405G5KDi3zPHzyjAWys/8W6NAVJtNbkCkhedmvL0xOhvt8feGXyXaw5w==

"@swc/helpers@^0.5.0":
  version "0.5.18"
  resolved "https://registry.yarnpkg.com/@swc/helpers/-/helpers-0.5.18.tgz#feeeabea0d10106ee25aaf900165df911ab6d3b1"
  integrity sha512-TXTnIcNJQEKwThMMqBXsZ4VGAza6bvN4pa41Rkqoio6QBKMvo+5lexeTMScGCIxtzgQJzElcvIltani+adC5PQ==
  dependencies:
    tslib "^2.8.0"

"@tanstack/react-virtual@^3.13.9":
  version "3.13.17"
  resolved "https://registry.yarnpkg.com/@tanstack/react-virtual/-/react-virtual-3.13.17.tgz#da26356370d38101d7dc14804581681c2de994e1"
  integrity sha512-gtjQr4CIb86rq03AL4WJnlTaaTU5UU4Xt8tbG1HU3OWVsO4z5OrRKTRDKoWRbkLEPpbPIjPgCoxmV70jTJtWZQ==
  dependencies:
    "@tanstack/virtual-core" "3.13.17"

"@tanstack/virtual-core@3.13.17":
  version "3.13.17"
  resolved "https://registry.yarnpkg.com/@tanstack/virtual-core/-/virtual-core-3.13.17.tgz#ded1cc6ec8c13c9a7f50e15cd35d7f28ccbc6bf8"
  integrity sha512-m5mRfGNcL5GUzluWNom0Rmg8P8Dg3h6PnJtJBmJcBiJvkV+vufmUfLnVzKSPGQtmvzMW/ZuUdvL+SyjIUvHV3A==

clsx@^2.0.0:
  version "2.1.1"
  resolved "https://registry.yarnpkg.com/clsx/-/clsx-2.1.1.tgz#eed397c9fd8bd882bfb18deab7102049a2f32999"
  integrity sha512-eYm0QWBtUrBWZWG0d386OGAw16Z995PiOVo2B7bjWSbHedGl5e0ZWaq65kOGgUSNesEIDkB9ISbTg/JK9dhCZA==

tabbable@^6.0.0:
  version "6.4.0"
  resolved "https://registry.yarnpkg.com/tabbable/-/tabbable-6.4.0.tgz#36eb7a06d80b3924a22095daf45740dea3bf5581"
  integrity sha512-05PUHKSNE8ou2dwIxTngl4EzcnsCDZGJ/iCLtDflR/SHB/ny14rXc+qU5P4mG9JkusiV7EivzY9Mhm55AzAvCg==

tslib@^2.8.0:
  version "2.8.1"
  resolved "https://registry.yarnpkg.com/tslib/-/tslib-2.8.1.tgz#612efe4ed235d567e8aba5f2a5fab70280ade83f"
  integrity sha512-oJFu94HQb+KVduSUQL7wnpmqnfmLsOA/nAh6b6EH0wCEoK0/mPeXU6c3wKDV83MkOuHPRHtSXKKU99IBazS/2w==

use-sync-external-store@^1.5.0:
  version "1.6.0"
  resolved "https://registry.yarnpkg.com/use-sync-external-store/-/use-sync-external-store-1.6.0.tgz#b174bfa65cb2b526732d9f2ac0a408027876f32d"
  integrity sha512-Pp6GSwGP/NrPIrxVFAIkOQeyw8lFenOHijQWkUTrDvrF4ALqylP2C/KCkeS9dpUM3KvYRQhna5vt7IL95+ZQ9w==
